
Microsoft Visual Studio Solution File, Format Version 12.00
# Visual Studio 15
VisualStudioVersion = 15.0.27703.2026
MinimumVisualStudioVersion = 10.0.40219.1
Project("{FAE04EC0-301F-11D3-BF4B-00C04F79EFBC}") = "SqlitePath", "SqlitePath\SqlitePath.csproj", "{4E8AAB76-D9F3-4486-94DE-9AD345A80B71}"
EndProject
Global
	GlobalSection(SolutionConfigurationPlatforms) = preSolution
		Debug|Any CPU = Debug|Any CPU
		Release|Any CPU = Release|Any CPU
	EndGlobalSection
	GlobalSection(ProjectConfigurationPlatforms) = postSolution
		{4E8AAB76-D9F3-4486-94DE-9AD345A80B71}.Debug|Any CPU.ActiveCfg = Debug|Any CPU
		{4E8AAB76-D9F3-4486-94DE-9AD345A80B71}.Debug|Any CPU.Build.0 = Debug|Any CPU
		{4E8AAB76-D9F3-4486-94DE-9AD345A80B71}.Release|Any CPU.ActiveCfg = Release|Any CPU
		{4E8AAB76-D9F3-4486-94DE-9AD345A80B71}.Release|Any CPU.Build.0 = Release|Any CPU
	EndGlobalSection
	GlobalSection(SolutionProperties) = preSolution
		HideSolutionNode = FALSE
	EndGlobalSection
	GlobalSection(ExtensibilityGlobals) = postSolution
		SolutionGuid = {881BA123-FF03-4133-B2E2-E081E479C455}
	EndGlobalSection
EndGlobal
